{
  "pins" : [
    {
      "identity" : "kingfisher",
      "kind" : "remoteSourceControl",
      "location" : "https://github.com/onevcat/Kingfisher.git",
      "state" : {
        "revision" : "add0a87ec4e31e2ca2a0b2085f0559201e4f5918",
        "version" : "7.10.1"
      }
    },
    {
      "identity" : "scalingcarousel",
      "kind" : "remoteSourceControl",
      "location" : "https://github.com/superpeteblaze/ScalingCarousel.git",
      "state" : {
        "branch" : "master",
        "revision" : "f2bfde4db386243fd4e0e4687fcfff530c239c20"
      }
    }
  ],
  "version" : 2
}
